// !$*UTF8*$!
{
	archiveVersion = 1;
	classes = {
	};
	objectVersion = 50;
	objects = {

/* Begin PBXBuildFile section */
		3C21C37E23AD6ACE00CD1595 /* AppDelegate.swift in Sources */ = {isa = PBXBuildFile; fileRef = 3C21C37D23AD6ACE00CD1595 /* AppDelegate.swift */; };
		3C21C38023AD6ACE00CD1595 /* SceneDelegate.swift in Sources */ = {isa = PBXBuildFile; fileRef = 3C21C37F23AD6ACE00CD1595 /* SceneDelegate.swift */; };
		3C21C38223AD6ACE00CD1595 /* ContentView.swift in Sources */ = {isa = PBXBuildFile; fileRef = 3C21C38123AD6ACE00CD1595 /* ContentView.swift */; };
		3C21C38423AD6AD100CD1595 /* Assets.xcassets in Resources */ = {isa = PBXBuildFile; fileRef = 3C21C38323AD6AD100CD1595 /* Assets.xcassets */; };
		3C21C38723AD6AD100CD1595 /* Preview Assets.xcassets in Resources */ = {isa = PBXBuildFile; fileRef = 3C21C38623AD6AD100CD1595 /* Preview Assets.xcassets */; };
		3C21C38A23AD6AD100CD1595 /* LaunchScreen.storyboard in Resources */ = {isa = PBXBuildFile; fileRef = 3C21C38823AD6AD100CD1595 /* LaunchScreen.storyboard */; };
		3C21C39523AD6AD200CD1595 /* PompomTests.swift in Sources */ = {isa = PBXBuildFile; fileRef = 3C21C39423AD6AD200CD1595 /* PompomTests.swift */; };
		3C21C3A123AF575000CD1595 /* Questrial.ttf in Resources */ = {isa = PBXBuildFile; fileRef = 3C21C3A023AF575000CD1595 /* Questrial.ttf */; };
		3C21C3A323AF6C9A00CD1595 /* PomTotal.swift in Sources */ = {isa = PBXBuildFile; fileRef = 3C21C3A223AF6C9A00CD1595 /* PomTotal.swift */; };
		3C21C3A523AF6CE300CD1595 /* PomTimer.swift in Sources */ = {isa = PBXBuildFile; fileRef = 3C21C3A423AF6CE300CD1595 /* PomTimer.swift */; };
		3C21C3A723AF6D3700CD1595 /* PomGraph.swift in Sources */ = {isa = PBXBuildFile; fileRef = 3C21C3A623AF6D3700CD1595 /* PomGraph.swift */; };
		3C21C3AA23AF6D8D00CD1595 /* Pomodoro.swift in Sources */ = {isa = PBXBuildFile; fileRef = 3C21C3A923AF6D8D00CD1595 /* Pomodoro.swift */; };
/* End PBXBuildFile section */

/* Begin PBXContainerItemProxy section */
		3C21C39123AD6AD200CD1595 /* PBXContainerItemProxy */ = {
			isa = PBXContainerItemProxy;
			containerPortal = 3C21C37223AD6ACE00CD1595 /* Project object */;
			proxyType = 1;
			remoteGlobalIDString = 3C21C37923AD6ACE00CD1595;
			remoteInfo = Pompom;
		};
/* End PBXContainerItemProxy section */

/* Begin PBXFileReference section */
		3C21C37A23AD6ACE00CD1595 /* Pompom.app */ = {isa = PBXFileReference; explicitFileType = wrapper.application; includeInIndex = 0; path = Pompom.app; sourceTree = BUILT_PRODUCTS_DIR; };
		3C21C37D23AD6ACE00CD1595 /* AppDelegate.swift */ = {isa = PBXFileReference; lastKnownFileType = sourcecode.swift; path = AppDelegate.swift; sourceTree = "<group>"; };
		3C21C37F23AD6ACE00CD1595 /* SceneDelegate.swift */ = {isa = PBXFileReference; lastKnownFileType = sourcecode.swift; path = SceneDelegate.swift; sourceTree = "<group>"; };
		3C21C38123AD6ACE00CD1595 /* ContentView.swift */ = {isa = PBXFileReference; lastKnownFileType = sourcecode.swift; path = ContentView.swift; sourceTree = "<group>"; };
		3C21C38323AD6AD100CD1595 /* Assets.xcassets */ = {isa = PBXFileReference; lastKnownFileType = folder.assetcatalog; path = Assets.xcassets; sourceTree = "<group>"; };
		3C21C38623AD6AD100CD1595 /* Preview Assets.xcassets */ = {isa = PBXFileReference; lastKnownFileType = folder.assetcatalog; path = "Preview Assets.xcassets"; sourceTree = "<group>"; };
		3C21C38923AD6AD100CD1595 /* Base */ = {isa = PBXFileReference; lastKnownFileType = file.storyboard; name = Base; path = Base.lproj/LaunchScreen.storyboard; sourceTree = "<group>"; };
		3C21C38B23AD6AD100CD1595 /* Info.plist */ = {isa = PBXFileReference; lastKnownFileType = text.plist.xml; path = Info.plist; sourceTree = "<group>"; };
		3C21C39023AD6AD200CD1595 /* PompomTests.xctest */ = {isa = PBXFileReference; explicitFileType = wrapper.cfbundle; includeInIndex = 0; path = PompomTests.xctest; sourceTree = BUILT_PRODUCTS_DIR; };
		3C21C39423AD6AD200CD1595 /* PompomTests.swift */ = {isa = PBXFileReference; lastKnownFileType = sourcecode.swift; path = PompomTests.swift; sourceTree = "<group>"; };
		3C21C39623AD6AD200CD1595 /* Info.plist */ = {isa = PBXFileReference; lastKnownFileType = text.plist.xml; path = Info.plist; sourceTree = "<group>"; };
		3C21C3A023AF575000CD1595 /* Questrial.ttf */ = {isa = PBXFileReference; lastKnownFileType = file; name = Questrial.ttf; path = ../../../../Downloads/Questrial/Questrial.ttf; sourceTree = "<group>"; };
		3C21C3A223AF6C9A00CD1595 /* PomTotal.swift */ = {isa = PBXFileReference; lastKnownFileType = sourcecode.swift; path = PomTotal.swift; sourceTree = "<group>"; };
		3C21C3A423AF6CE300CD1595 /* PomTimer.swift */ = {isa = PBXFileReference; lastKnownFileType = sourcecode.swift; path = PomTimer.swift; sourceTree = "<group>"; };
		3C21C3A623AF6D3700CD1595 /* PomGraph.swift */ = {isa = PBXFileReference; lastKnownFileType = sourcecode.swift; path = PomGraph.swift; sourceTree = "<group>"; };
		3C21C3A923AF6D8D00CD1595 /* Pomodoro.swift */ = {isa = PBXFileReference; lastKnownFileType = sourcecode.swift; path = Pomodoro.swift; sourceTree = "<group>"; };
/* End PBXFileReference section */

/* Begin PBXFrameworksBuildPhase section */
		3C21C37723AD6ACE00CD1595 /* Frameworks */ = {
			isa = PBXFrameworksBuildPhase;
			buildActionMask = 2147483647;
			files = (
			);
			runOnlyForDeploymentPostprocessing = 0;
		};
		3C21C38D23AD6AD200CD1595 /* Frameworks */ = {
			isa = PBXFrameworksBuildPhase;
			buildActionMask = 2147483647;
			files = (
			);
			runOnlyForDeploymentPostprocessing = 0;
		};
/* End PBXFrameworksBuildPhase section */

/* Begin PBXGroup section */
		3C21C37123AD6ACE00CD1595 = {
			isa = PBXGroup;
			children = (
				3C21C39F23AF562500CD1595 /* Fonts */,
				3C21C37C23AD6ACE00CD1595 /* Pompom */,
				3C21C39323AD6AD200CD1595 /* PompomTests */,
				3C21C37B23AD6ACE00CD1595 /* Products */,
			);
			sourceTree = "<group>";
		};
		3C21C37B23AD6ACE00CD1595 /* Products */ = {
			isa = PBXGroup;
			children = (
				3C21C37A23AD6ACE00CD1595 /* Pompom.app */,
				3C21C39023AD6AD200CD1595 /* PompomTests.xctest */,
			);
			name = Products;
			sourceTree = "<group>";
		};
		3C21C37C23AD6ACE00CD1595 /* Pompom */ = {
			isa = PBXGroup;
			children = (
				3C21C3A823AF6D7100CD1595 /* Data */,
				3C21C37D23AD6ACE00CD1595 /* AppDelegate.swift */,
				3C21C37F23AD6ACE00CD1595 /* SceneDelegate.swift */,
				3C21C38123AD6ACE00CD1595 /* ContentView.swift */,
				3C21C38323AD6AD100CD1595 /* Assets.xcassets */,
				3C21C38823AD6AD100CD1595 /* LaunchScreen.storyboard */,
				3C21C38B23AD6AD100CD1595 /* Info.plist */,
				3C21C38523AD6AD100CD1595 /* Preview Content */,
				3C21C3A223AF6C9A00CD1595 /* PomTotal.swift */,
				3C21C3A423AF6CE300CD1595 /* PomTimer.swift */,
				3C21C3A623AF6D3700CD1595 /* PomGraph.swift */,
			);
			path = Pompom;
			sourceTree = "<group>";
		};
		3C21C38523AD6AD100CD1595 /* Preview Content */ = {
			isa = PBXGroup;
			children = (
				3C21C38623AD6AD100CD1595 /* Preview Assets.xcassets */,
			);
			path = "Preview Content";
			sourceTree = "<group>";
		};
		3C21C39323AD6AD200CD1595 /* PompomTests */ = {
			isa = PBXGroup;
			children = (
				3C21C39423AD6AD200CD1595 /* PompomTests.swift */,
				3C21C39623AD6AD200CD1595 /* Info.plist */,
			);
			path = PompomTests;
			sourceTree = "<group>";
		};
		3C21C39F23AF562500CD1595 /* Fonts */ = {
			isa = PBXGroup;
			children = (
				3C21C3A023AF575000CD1595 /* Questrial.ttf */,
			);
			path = Fonts;
			sourceTree = "<group>";
		};
		3C21C3A823AF6D7100CD1595 /* Data */ = {
			isa = PBXGroup;
			children = (
				3C21C3A923AF6D8D00CD1595 /* Pomodoro.swift */,
			);
			path = Data;
			sourceTree = "<group>";
		};
/* End PBXGroup section */

/* Begin PBXNativeTarget section */
		3C21C37923AD6ACE00CD1595 /* Pompom */ = {
			isa = PBXNativeTarget;
			buildConfigurationList = 3C21C39923AD6AD200CD1595 /* Build configuration list for PBXNativeTarget "Pompom" */;
			buildPhases = (
				3C21C37623AD6ACE00CD1595 /* Sources */,
				3C21C37723AD6ACE00CD1595 /* Frameworks */,
				3C21C37823AD6ACE00CD1595 /* Resources */,
			);
			buildRules = (
			);
			dependencies = (
			);
			name = Pompom;
			productName = Pompom;
			productReference = 3C21C37A23AD6ACE00CD1595 /* Pompom.app */;
			productType = "com.apple.product-type.application";
		};
		3C21C38F23AD6AD200CD1595 /* PompomTests */ = {
			isa = PBXNativeTarget;
			buildConfigurationList = 3C21C39C23AD6AD200CD1595 /* Build configuration list for PBXNativeTarget "PompomTests" */;
			buildPhases = (
				3C21C38C23AD6AD200CD1595 /* Sources */,
				3C21C38D23AD6AD200CD1595 /* Frameworks */,
				3C21C38E23AD6AD200CD1595 /* Resources */,
			);
			buildRules = (
			);
			dependencies = (
				3C21C39223AD6AD200CD1595 /* PBXTargetDependency */,
			);
			name = PompomTests;
			productName = PompomTests;
			productReference = 3C21C39023AD6AD200CD1595 /* PompomTests.xctest */;
			productType = "com.apple.product-type.bundle.unit-test";
		};
/* End PBXNativeTarget section */

/* Begin PBXProject section */
		3C21C37223AD6ACE00CD1595 /* Project object */ = {
			isa = PBXProject;
			attributes = {
				LastSwiftUpdateCheck = 1130;
				LastUpgradeCheck = 1130;
				ORGANIZATIONNAME = ceeq;
				TargetAttributes = {
					3C21C37923AD6ACE00CD1595 = {
						CreatedOnToolsVersion = 11.3;
					};
					3C21C38F23AD6AD200CD1595 = {
						CreatedOnToolsVersion = 11.3;
						TestTargetID = 3C21C37923AD6ACE00CD1595;
					};
				};
			};
			buildConfigurationList = 3C21C37523AD6ACE00CD1595 /* Build configuration list for PBXProject "Pompom" */;
			compatibilityVersion = "Xcode 9.3";
			developmentRegion = en;
			hasScannedForEncodings = 0;
			knownRegions = (
				en,
				Base,
			);
			mainGroup = 3C21C37123AD6ACE00CD1595;
			productRefGroup = 3C21C37B23AD6ACE00CD1595 /* Products */;
			projectDirPath = "";
			projectRoot = "";
			targets = (
				3C21C37923AD6ACE00CD1595 /* Pompom */,
				3C21C38F23AD6AD200CD1595 /* PompomTests */,
			);
		};
/* End PBXProject section */

/* Begin PBXResourcesBuildPhase section */
		3C21C37823AD6ACE00CD1595 /* Resources */ = {
			isa = PBXResourcesBuildPhase;
			buildActionMask = 2147483647;
			files = (
				3C21C38A23AD6AD100CD1595 /* LaunchScreen.storyboard in Resources */,
				3C21C38723AD6AD100CD1595 /* Preview Assets.xcassets in Resources */,
				3C21C38423AD6AD100CD1595 /* Assets.xcassets in Resources */,
				3C21C3A123AF575000CD1595 /* Questrial.ttf in Resources */,
			);
			runOnlyForDeploymentPostprocessing = 0;
		};
		3C21C38E23AD6AD200CD1595 /* Resources */ = {
			isa = PBXResourcesBuildPhase;
			buildActionMask = 2147483647;
			files = (
			);
			runOnlyForDeploymentPostprocessing = 0;
		};
/* End PBXResourcesBuildPhase section */

/* Begin PBXSourcesBuildPhase section */
		3C21C37623AD6ACE00CD1595 /* Sources */ = {
			isa = PBXSourcesBuildPhase;
			buildActionMask = 2147483647;
			files = (
				3C21C37E23AD6ACE00CD1595 /* AppDelegate.swift in Sources */,
				3C21C3A723AF6D3700CD1595 /* PomGraph.swift in Sources */,
				3C21C3A323AF6C9A00CD1595 /* PomTotal.swift in Sources */,
				3C21C3AA23AF6D8D00CD1595 /* Pomodoro.swift in Sources */,
				3C21C3A523AF6CE300CD1595 /* PomTimer.swift in Sources */,
				3C21C38023AD6ACE00CD1595 /* SceneDelegate.swift in Sources */,
				3C21C38223AD6ACE00CD1595 /* ContentView.swift in Sources */,
			);
			runOnlyForDeploymentPostprocessing = 0;
		};
		3C21C38C23AD6AD200CD1595 /* Sources */ = {
			isa = PBXSourcesBuildPhase;
			buildActionMask = 2147483647;
			files = (
				3C21C39523AD6AD200CD1595 /* PompomTests.swift in Sources */,
			);
			runOnlyForDeploymentPostprocessing = 0;
		};
/* End PBXSourcesBuildPhase section */

/* Begin PBXTargetDependency section */
		3C21C39223AD6AD200CD1595 /* PBXTargetDependency */ = {
			isa = PBXTargetDependency;
			target = 3C21C37923AD6ACE00CD1595 /* Pompom */;
			targetProxy = 3C21C39123AD6AD200CD1595 /* PBXContainerItemProxy */;
		};
/* End PBXTargetDependency section */

/* Begin PBXVariantGroup section */
		3C21C38823AD6AD100CD1595 /* LaunchScreen.storyboard */ = {
			isa = PBXVariantGroup;
			children = (
				3C21C38923AD6AD100CD1595 /* Base */,
			);
			name = LaunchScreen.storyboard;
			sourceTree = "<group>";
		};
/* End PBXVariantGroup section */

/* Begin XCBuildConfiguration section */
		3C21C39723AD6AD200CD1595 /* Debug */ = {
			isa = XCBuildConfiguration;
			buildSettings = {
				ALWAYS_SEARCH_USER_PATHS = NO;
				CLANG_ANALYZER_NONNULL = YES;
				CLANG_ANALYZER_NUMBER_OBJECT_CONVERSION = YES_AGGRESSIVE;
				CLANG_CXX_LANGUAGE_STANDARD = "gnu++14";
				CLANG_CXX_LIBRARY = "libc++";
				CLANG_ENABLE_MODULES = YES;
				CLANG_ENABLE_OBJC_ARC = YES;
				CLANG_ENABLE_OBJC_WEAK = YES;
				CLANG_WARN_BLOCK_CAPTURE_AUTORELEASING = YES;
				CLANG_WARN_BOOL_CONVERSION = YES;
				CLANG_WARN_COMMA = YES;
				CLANG_WARN_CONSTANT_CONVERSION = YES;
				CLANG_WARN_DEPRECATED_OBJC_IMPLEMENTATIONS = YES;
				CLANG_WARN_DIRECT_OBJC_ISA_USAGE = YES_ERROR;
				CLANG_WARN_DOCUMENTATION_COMMENTS = YES;
				CLANG_WARN_EMPTY_BODY = YES;
				CLANG_WARN_ENUM_CONVERSION = YES;
				CLANG_WARN_INFINITE_RECURSION = YES;
				CLANG_WARN_INT_CONVERSION = YES;
				CLANG_WARN_NON_LITERAL_NULL_CONVERSION = YES;
				CLANG_WARN_OBJC_IMPLICIT_RETAIN_SELF = YES;
				CLANG_WARN_OBJC_LITERAL_CONVERSION = YES;
				CLANG_WARN_OBJC_ROOT_CLASS = YES_ERROR;
				CLANG_WARN_RANGE_LOOP_ANALYSIS = YES;
				CLANG_WARN_STRICT_PROTOTYPES = YES;
				CLANG_WARN_SUSPICIOUS_MOVE = YES;
				CLANG_WARN_UNGUARDED_AVAILABILITY = YES_AGGRESSIVE;
				CLANG_WARN_UNREACHABLE_CODE = YES;
				CLANG_WARN__DUPLICATE_METHOD_MATCH = YES;
				COPY_PHASE_STRIP = NO;
				DEBUG_INFORMATION_FORMAT = dwarf;
				ENABLE_STRICT_OBJC_MSGSEND = YES;
				ENABLE_TESTABILITY = YES;
				GCC_C_LANGUAGE_STANDARD = gnu11;
				GCC_DYNAMIC_NO_PIC = NO;
				GCC_NO_COMMON_BLOCKS = YES;
				GCC_OPTIMIZATION_LEVEL = 0;
				GCC_PREPROCESSOR_DEFINITIONS = (
					"DEBUG=1",
					"$(inherited)",
				);
				GCC_WARN_64_TO_32_BIT_CONVERSION = YES;
				GCC_WARN_ABOUT_RETURN_TYPE = YES_ERROR;
				GCC_WARN_UNDECLARED_SELECTOR = YES;
				GCC_WARN_UNINITIALIZED_AUTOS = YES_AGGRESSIVE;
				GCC_WARN_UNUSED_FUNCTION = YES;
				GCC_WARN_UNUSED_VARIABLE = YES;
				IPHONEOS_DEPLOYMENT_TARGET = 13.2;
				MTL_ENABLE_DEBUG_INFO = INCLUDE_SOURCE;
				MTL_FAST_MATH = YES;
				ONLY_ACTIVE_ARCH = YES;
				SDKROOT = iphoneos;
				SWIFT_ACTIVE_COMPILATION_CONDITIONS = DEBUG;
				SWIFT_OPTIMIZATION_LEVEL = "-Onone";
			};
			name = Debug;
		};
		3C21C39823AD6AD200CD1595 /* Release */ = {
			isa = XCBuildConfiguration;
			buildSettings = {
				ALWAYS_SEARCH_USER_PATHS = NO;
				CLANG_ANALYZER_NONNULL = YES;
				CLANG_ANALYZER_NUMBER_OBJECT_CONVERSION = YES_AGGRESSIVE;
				CLANG_CXX_LANGUAGE_STANDARD = "gnu++14";
				CLANG_CXX_LIBRARY = "libc++";
				CLANG_ENABLE_MODULES = YES;
				CLANG_ENABLE_OBJC_ARC = YES;
				CLANG_ENABLE_OBJC_WEAK = YES;
				CLANG_WARN_BLOCK_CAPTURE_AUTORELEASING = YES;
				CLANG_WARN_BOOL_CONVERSION = YES;
				CLANG_WARN_COMMA = YES;
				CLANG_WARN_CONSTANT_CONVERSION = YES;
				CLANG_WARN_DEPRECATED_OBJC_IMPLEMENTATIONS = YES;
				CLANG_WARN_DIRECT_OBJC_ISA_USAGE = YES_ERROR;
				CLANG_WARN_DOCUMENTATION_COMMENTS = YES;
				CLANG_WARN_EMPTY_BODY = YES;
				CLANG_WARN_ENUM_CONVERSION = YES;
				CLANG_WARN_INFINITE_RECURSION = YES;
				CLANG_WARN_INT_CONVERSION = YES;
				CLANG_WARN_NON_LITERAL_NULL_CONVERSION = YES;
				CLANG_WARN_OBJC_IMPLICIT_RETAIN_SELF = YES;
				CLANG_WARN_OBJC_LITERAL_CONVERSION = YES;
				CLANG_WARN_OBJC_ROOT_CLASS = YES_ERROR;
				CLANG_WARN_RANGE_LOOP_ANALYSIS = YES;
				CLANG_WARN_STRICT_PROTOTYPES = YES;
				CLANG_WARN_SUSPICIOUS_MOVE = YES;
				CLANG_WARN_UNGUARDED_AVAILABILITY = YES_AGGRESSIVE;
				CLANG_WARN_UNREACHABLE_CODE = YES;
				CLANG_WARN__DUPLICATE_METHOD_MATCH = YES;
				COPY_PHASE_STRIP = NO;
				DEBUG_INFORMATION_FORMAT = "dwarf-with-dsym";
				ENABLE_NS_ASSERTIONS = NO;
				ENABLE_STRICT_OBJC_MSGSEND = YES;
				GCC_C_LANGUAGE_STANDARD = gnu11;
				GCC_NO_COMMON_BLOCKS = YES;
				GCC_WARN_64_TO_32_BIT_CONVERSION = YES;
				GCC_WARN_ABOUT_RETURN_TYPE = YES_ERROR;
				GCC_WARN_UNDECLARED_SELECTOR = YES;
				GCC_WARN_UNINITIALIZED_AUTOS = YES_AGGRESSIVE;
				GCC_WARN_UNUSED_FUNCTION = YES;
				GCC_WARN_UNUSED_VARIABLE = YES;
				IPHONEOS_DEPLOYMENT_TARGET = 13.2;
				MTL_ENABLE_DEBUG_INFO = NO;
				MTL_FAST_MATH = YES;
				SDKROOT = iphoneos;
				SWIFT_COMPILATION_MODE = wholemodule;
				SWIFT_OPTIMIZATION_LEVEL = "-O";
				VALIDATE_PRODUCT = YES;
			};
			name = Release;
		};
		3C21C39A23AD6AD200CD1595 /* Debug */ = {
			isa = XCBuildConfiguration;
			buildSettings = {
				ASSETCATALOG_COMPILER_APPICON_NAME = AppIcon;
				CODE_SIGN_STYLE = Automatic;
				DEVELOPMENT_ASSET_PATHS = "\"Pompom/Preview Content\"";
				DEVELOPMENT_TEAM = 9VJ34677M5;
				ENABLE_PREVIEWS = YES;
				INFOPLIST_FILE = Pompom/Info.plist;
				LD_RUNPATH_SEARCH_PATHS = (
					"$(inherited)",
					"@executable_path/Frameworks",
				);
				PRODUCT_BUNDLE_IDENTIFIER = in.ceeq.Pompom;
				PRODUCT_NAME = "$(TARGET_NAME)";
				SWIFT_VERSION = 5.0;
				TARGETED_DEVICE_FAMILY = "1,2";
			};
			name = Debug;
		};
		3C21C39B23AD6AD200CD1595 /* Release */ = {
			isa = XCBuildConfiguration;
			buildSettings = {
				ASSETCATALOG_COMPILER_APPICON_NAME = AppIcon;
				CODE_SIGN_STYLE = Automatic;
				DEVELOPMENT_ASSET_PATHS = "\"Pompom/Preview Content\"";
				DEVELOPMENT_TEAM = 9VJ34677M5;
				ENABLE_PREVIEWS = YES;
				INFOPLIST_FILE = Pompom/Info.plist;
				LD_RUNPATH_SEARCH_PATHS = (
					"$(inherited)",
					"@executable_path/Frameworks",
				);
				PRODUCT_BUNDLE_IDENTIFIER = in.ceeq.Pompom;
				PRODUCT_NAME = "$(TARGET_NAME)";
				SWIFT_VERSION = 5.0;
				TARGETED_DEVICE_FAMILY = "1,2";
			};
			name = Release;
		};
		3C21C39D23AD6AD200CD1595 /* Debug */ = {
			isa = XCBuildConfiguration;
			buildSettings = {
				ALWAYS_EMBED_SWIFT_STANDARD_LIBRARIES = YES;
				BUNDLE_LOADER = "$(TEST_HOST)";
				CODE_SIGN_STYLE = Automatic;
				DEVELOPMENT_TEAM = 9VJ34677M5;
				INFOPLIST_FILE = PompomTests/Info.plist;
				IPHONEOS_DEPLOYMENT_TARGET = 13.2;
				LD_RUNPATH_SEARCH_PATHS = (
					"$(inherited)",
					"@executable_path/Frameworks",
					"@loader_path/Frameworks",
				);
				PRODUCT_BUNDLE_IDENTIFIER = in.ceeq.PompomTests;
				PRODUCT_NAME = "$(TARGET_NAME)";
				SWIFT_VERSION = 5.0;
				TARGETED_DEVICE_FAMILY = "1,2";
				TEST_HOST = "$(BUILT_PRODUCTS_DIR)/Pompom.app/Pompom";
			};
			name = Debug;
		};
		3C21C39E23AD6AD200CD1595 /* Release */ = {
			isa = XCBuildConfiguration;
			buildSettings = {
				ALWAYS_EMBED_SWIFT_STANDARD_LIBRARIES = YES;
				BUNDLE_LOADER = "$(TEST_HOST)";
				CODE_SIGN_STYLE = Automatic;
				DEVELOPMENT_TEAM = 9VJ34677M5;
				INFOPLIST_FILE = PompomTests/Info.plist;
				IPHONEOS_DEPLOYMENT_TARGET = 13.2;
				LD_RUNPATH_SEARCH_PATHS = (
					"$(inherited)",
					"@executable_path/Frameworks",
					"@loader_path/Frameworks",
				);
				PRODUCT_BUNDLE_IDENTIFIER = in.ceeq.PompomTests;
				PRODUCT_NAME = "$(TARGET_NAME)";
				SWIFT_VERSION = 5.0;
				TARGETED_DEVICE_FAMILY = "1,2";
				TEST_HOST = "$(BUILT_PRODUCTS_DIR)/Pompom.app/Pompom";
			};
			name = Release;
		};
/* End XCBuildConfiguration section */

/* Begin XCConfigurationList section */
		3C21C37523AD6ACE00CD1595 /* Build configuration list for PBXProject "Pompom" */ = {
			isa = XCConfigurationList;
			buildConfigurations = (
				3C21C39723AD6AD200CD1595 /* Debug */,
				3C21C39823AD6AD200CD1595 /* Release */,
			);
			defaultConfigurationIsVisible = 0;
			defaultConfigurationName = Release;
		};
		3C21C39923AD6AD200CD1595 /* Build configuration list for PBXNativeTarget "Pompom" */ = {
			isa = XCConfigurationList;
			buildConfigurations = (
				3C21C39A23AD6AD200CD1595 /* Debug */,
				3C21C39B23AD6AD200CD1595 /* Release */,
			);
			defaultConfigurationIsVisible = 0;
			defaultConfigurationName = Release;
		};
		3C21C39C23AD6AD200CD1595 /* Build configuration list for PBXNativeTarget "PompomTests" */ = {
			isa = XCConfigurationList;
			buildConfigurations = (
				3C21C39D23AD6AD200CD1595 /* Debug */,
				3C21C39E23AD6AD200CD1595 /* Release */,
			);
			defaultConfigurationIsVisible = 0;
			defaultConfigurationName = Release;
		};
/* End XCConfigurationList section */
	};
	rootObject = 3C21C37223AD6ACE00CD1595 /* Project object */;
}
