// !$*UTF8*$!
{
	archiveVersion = 1;
	classes = {
	};
	objectVersion = 50;
	objects = {

/* Begin PBXBuildFile section */
		3C23D1CA212397350083CB06 /* AppDelegate.swift in Sources */ = {isa = PBXBuildFile; fileRef = 3C23D1C9212397350083CB06 /* AppDelegate.swift */; };
		3C23D1CC212397350083CB06 /* ViewController.swift in Sources */ = {isa = PBXBuildFile; fileRef = 3C23D1CB212397350083CB06 /* ViewController.swift */; };
		3C23D1CF212397350083CB06 /* Main.storyboard in Resources */ = {isa = PBXBuildFile; fileRef = 3C23D1CD212397350083CB06 /* Main.storyboard */; };
		3C23D1D1212397360083CB06 /* Assets.xcassets in Resources */ = {isa = PBXBuildFile; fileRef = 3C23D1D0212397360083CB06 /* Assets.xcassets */; };
		3C23D1D4212397360083CB06 /* LaunchScreen.storyboard in Resources */ = {isa = PBXBuildFile; fileRef = 3C23D1D2212397360083CB06 /* LaunchScreen.storyboard */; };
		3C23D1DC21243BB10083CB06 /* TextFieldDelegate.swift in Sources */ = {isa = PBXBuildFile; fileRef = 3C23D1DB21243BB10083CB06 /* TextFieldDelegate.swift */; };
		3C23D1E1212494360083CB06 /* SentItemListController.swift in Sources */ = {isa = PBXBuildFile; fileRef = 3C23D1E0212494360083CB06 /* SentItemListController.swift */; };
		3CB09AEF212DFCB700C5FD20 /* Meme.swift in Sources */ = {isa = PBXBuildFile; fileRef = 3CB09AEE212DFCB700C5FD20 /* Meme.swift */; };
		3CB09AF1212E00E100C5FD20 /* SentItemGridController.swift in Sources */ = {isa = PBXBuildFile; fileRef = 3CB09AF0212E00E100C5FD20 /* SentItemGridController.swift */; };
		3CB09AF3212E11E600C5FD20 /* MemeCell.swift in Sources */ = {isa = PBXBuildFile; fileRef = 3CB09AF2212E11E600C5FD20 /* MemeCell.swift */; };
		3CB09AF5212E12C200C5FD20 /* MemeListCell.swift in Sources */ = {isa = PBXBuildFile; fileRef = 3CB09AF4212E12C200C5FD20 /* MemeListCell.swift */; };
/* End PBXBuildFile section */

/* Begin PBXFileReference section */
		3C23D1C6212397350083CB06 /* MemeMe.app */ = {isa = PBXFileReference; explicitFileType = wrapper.application; includeInIndex = 0; path = MemeMe.app; sourceTree = BUILT_PRODUCTS_DIR; };
		3C23D1C9212397350083CB06 /* AppDelegate.swift */ = {isa = PBXFileReference; lastKnownFileType = sourcecode.swift; path = AppDelegate.swift; sourceTree = "<group>"; };
		3C23D1CB212397350083CB06 /* ViewController.swift */ = {isa = PBXFileReference; lastKnownFileType = sourcecode.swift; path = ViewController.swift; sourceTree = "<group>"; };
		3C23D1CE212397350083CB06 /* Base */ = {isa = PBXFileReference; lastKnownFileType = file.storyboard; name = Base; path = Base.lproj/Main.storyboard; sourceTree = "<group>"; };
		3C23D1D0212397360083CB06 /* Assets.xcassets */ = {isa = PBXFileReference; lastKnownFileType = folder.assetcatalog; path = Assets.xcassets; sourceTree = "<group>"; };
		3C23D1D3212397360083CB06 /* Base */ = {isa = PBXFileReference; lastKnownFileType = file.storyboard; name = Base; path = Base.lproj/LaunchScreen.storyboard; sourceTree = "<group>"; };
		3C23D1D5212397360083CB06 /* Info.plist */ = {isa = PBXFileReference; lastKnownFileType = text.plist.xml; path = Info.plist; sourceTree = "<group>"; };
		3C23D1DB21243BB10083CB06 /* TextFieldDelegate.swift */ = {isa = PBXFileReference; lastKnownFileType = sourcecode.swift; path = TextFieldDelegate.swift; sourceTree = "<group>"; };
		3C23D1E0212494360083CB06 /* SentItemListController.swift */ = {isa = PBXFileReference; fileEncoding = 4; lastKnownFileType = sourcecode.swift; path = SentItemListController.swift; sourceTree = "<group>"; };
		3CB09AEE212DFCB700C5FD20 /* Meme.swift */ = {isa = PBXFileReference; lastKnownFileType = sourcecode.swift; path = Meme.swift; sourceTree = "<group>"; };
		3CB09AF0212E00E100C5FD20 /* SentItemGridController.swift */ = {isa = PBXFileReference; fileEncoding = 4; lastKnownFileType = sourcecode.swift; path = SentItemGridController.swift; sourceTree = "<group>"; };
		3CB09AF2212E11E600C5FD20 /* MemeCell.swift */ = {isa = PBXFileReference; lastKnownFileType = sourcecode.swift; path = MemeCell.swift; sourceTree = "<group>"; };
		3CB09AF4212E12C200C5FD20 /* MemeListCell.swift */ = {isa = PBXFileReference; fileEncoding = 4; lastKnownFileType = sourcecode.swift; path = MemeListCell.swift; sourceTree = "<group>"; };
/* End PBXFileReference section */

/* Begin PBXFrameworksBuildPhase section */
		3C23D1C3212397350083CB06 /* Frameworks */ = {
			isa = PBXFrameworksBuildPhase;
			buildActionMask = 2147483647;
			files = (
			);
			runOnlyForDeploymentPostprocessing = 0;
		};
/* End PBXFrameworksBuildPhase section */

/* Begin PBXGroup section */
		3C23D1BD212397350083CB06 = {
			isa = PBXGroup;
			children = (
				3C23D1C8212397350083CB06 /* MemeMe */,
				3C23D1C7212397350083CB06 /* Products */,
			);
			sourceTree = "<group>";
		};
		3C23D1C7212397350083CB06 /* Products */ = {
			isa = PBXGroup;
			children = (
				3C23D1C6212397350083CB06 /* MemeMe.app */,
			);
			name = Products;
			sourceTree = "<group>";
		};
		3C23D1C8212397350083CB06 /* MemeMe */ = {
			isa = PBXGroup;
			children = (
				3C23D1C9212397350083CB06 /* AppDelegate.swift */,
				3C23D1CB212397350083CB06 /* ViewController.swift */,
				3C23D1E0212494360083CB06 /* SentItemListController.swift */,
				3CB09AF0212E00E100C5FD20 /* SentItemGridController.swift */,
				3C23D1DB21243BB10083CB06 /* TextFieldDelegate.swift */,
				3C23D1CD212397350083CB06 /* Main.storyboard */,
				3C23D1D0212397360083CB06 /* Assets.xcassets */,
				3C23D1D2212397360083CB06 /* LaunchScreen.storyboard */,
				3C23D1D5212397360083CB06 /* Info.plist */,
				3CB09AEE212DFCB700C5FD20 /* Meme.swift */,
				3CB09AF2212E11E600C5FD20 /* MemeCell.swift */,
				3CB09AF4212E12C200C5FD20 /* MemeListCell.swift */,
			);
			path = MemeMe;
			sourceTree = "<group>";
		};
/* End PBXGroup section */

/* Begin PBXNativeTarget section */
		3C23D1C5212397350083CB06 /* MemeMe */ = {
			isa = PBXNativeTarget;
			buildConfigurationList = 3C23D1D8212397360083CB06 /* Build configuration list for PBXNativeTarget "MemeMe" */;
			buildPhases = (
				3C23D1C2212397350083CB06 /* Sources */,
				3C23D1C3212397350083CB06 /* Frameworks */,
				3C23D1C4212397350083CB06 /* Resources */,
			);
			buildRules = (
			);
			dependencies = (
			);
			name = MemeMe;
			productName = MemeMe;
			productReference = 3C23D1C6212397350083CB06 /* MemeMe.app */;
			productType = "com.apple.product-type.application";
		};
/* End PBXNativeTarget section */

/* Begin PBXProject section */
		3C23D1BE212397350083CB06 /* Project object */ = {
			isa = PBXProject;
			attributes = {
				LastSwiftUpdateCheck = 1000;
				LastUpgradeCheck = 1000;
				ORGANIZATIONNAME = ceeq;
				TargetAttributes = {
					3C23D1C5212397350083CB06 = {
						CreatedOnToolsVersion = 10.0;
					};
				};
			};
			buildConfigurationList = 3C23D1C1212397350083CB06 /* Build configuration list for PBXProject "MemeMe" */;
			compatibilityVersion = "Xcode 9.3";
			developmentRegion = en;
			hasScannedForEncodings = 0;
			knownRegions = (
				en,
				Base,
			);
			mainGroup = 3C23D1BD212397350083CB06;
			productRefGroup = 3C23D1C7212397350083CB06 /* Products */;
			projectDirPath = "";
			projectRoot = "";
			targets = (
				3C23D1C5212397350083CB06 /* MemeMe */,
			);
		};
/* End PBXProject section */

/* Begin PBXResourcesBuildPhase section */
		3C23D1C4212397350083CB06 /* Resources */ = {
			isa = PBXResourcesBuildPhase;
			buildActionMask = 2147483647;
			files = (
				3C23D1D4212397360083CB06 /* LaunchScreen.storyboard in Resources */,
				3C23D1D1212397360083CB06 /* Assets.xcassets in Resources */,
				3C23D1CF212397350083CB06 /* Main.storyboard in Resources */,
			);
			runOnlyForDeploymentPostprocessing = 0;
		};
/* End PBXResourcesBuildPhase section */

/* Begin PBXSourcesBuildPhase section */
		3C23D1C2212397350083CB06 /* Sources */ = {
			isa = PBXSourcesBuildPhase;
			buildActionMask = 2147483647;
			files = (
				3CB09AF1212E00E100C5FD20 /* SentItemGridController.swift in Sources */,
				3CB09AF3212E11E600C5FD20 /* MemeCell.swift in Sources */,
				3C23D1CC212397350083CB06 /* ViewController.swift in Sources */,
				3C23D1DC21243BB10083CB06 /* TextFieldDelegate.swift in Sources */,
				3C23D1CA212397350083CB06 /* AppDelegate.swift in Sources */,
				3CB09AF5212E12C200C5FD20 /* MemeListCell.swift in Sources */,
				3C23D1E1212494360083CB06 /* SentItemListController.swift in Sources */,
				3CB09AEF212DFCB700C5FD20 /* Meme.swift in Sources */,
			);
			runOnlyForDeploymentPostprocessing = 0;
		};
/* End PBXSourcesBuildPhase section */

/* Begin PBXVariantGroup section */
		3C23D1CD212397350083CB06 /* Main.storyboard */ = {
			isa = PBXVariantGroup;
			children = (
				3C23D1CE212397350083CB06 /* Base */,
			);
			name = Main.storyboard;
			sourceTree = "<group>";
		};
		3C23D1D2212397360083CB06 /* LaunchScreen.storyboard */ = {
			isa = PBXVariantGroup;
			children = (
				3C23D1D3212397360083CB06 /* Base */,
			);
			name = LaunchScreen.storyboard;
			sourceTree = "<group>";
		};
/* End PBXVariantGroup section */

/* Begin XCBuildConfiguration section */
		3C23D1D6212397360083CB06 /* Debug */ = {
			isa = XCBuildConfiguration;
			buildSettings = {
				ALWAYS_SEARCH_USER_PATHS = NO;
				CLANG_ANALYZER_NONNULL = YES;
				CLANG_ANALYZER_NUMBER_OBJECT_CONVERSION = YES_AGGRESSIVE;
				CLANG_CXX_LANGUAGE_STANDARD = "gnu++14";
				CLANG_CXX_LIBRARY = "libc++";
				CLANG_ENABLE_MODULES = YES;
				CLANG_ENABLE_OBJC_ARC = YES;
				CLANG_ENABLE_OBJC_WEAK = YES;
				CLANG_WARN_BLOCK_CAPTURE_AUTORELEASING = YES;
				CLANG_WARN_BOOL_CONVERSION = YES;
				CLANG_WARN_COMMA = YES;
				CLANG_WARN_CONSTANT_CONVERSION = YES;
				CLANG_WARN_DEPRECATED_OBJC_IMPLEMENTATIONS = YES;
				CLANG_WARN_DIRECT_OBJC_ISA_USAGE = YES_ERROR;
				CLANG_WARN_DOCUMENTATION_COMMENTS = YES;
				CLANG_WARN_EMPTY_BODY = YES;
				CLANG_WARN_ENUM_CONVERSION = YES;
				CLANG_WARN_INFINITE_RECURSION = YES;
				CLANG_WARN_INT_CONVERSION = YES;
				CLANG_WARN_NON_LITERAL_NULL_CONVERSION = YES;
				CLANG_WARN_OBJC_IMPLICIT_RETAIN_SELF = YES;
				CLANG_WARN_OBJC_LITERAL_CONVERSION = YES;
				CLANG_WARN_OBJC_ROOT_CLASS = YES_ERROR;
				CLANG_WARN_RANGE_LOOP_ANALYSIS = YES;
				CLANG_WARN_STRICT_PROTOTYPES = YES;
				CLANG_WARN_SUSPICIOUS_MOVE = YES;
				CLANG_WARN_UNGUARDED_AVAILABILITY = YES_AGGRESSIVE;
				CLANG_WARN_UNREACHABLE_CODE = YES;
				CLANG_WARN__DUPLICATE_METHOD_MATCH = YES;
				CODE_SIGN_IDENTITY = "iPhone Developer";
				COPY_PHASE_STRIP = NO;
				DEBUG_INFORMATION_FORMAT = dwarf;
				ENABLE_STRICT_OBJC_MSGSEND = YES;
				ENABLE_TESTABILITY = YES;
				GCC_C_LANGUAGE_STANDARD = gnu11;
				GCC_DYNAMIC_NO_PIC = NO;
				GCC_NO_COMMON_BLOCKS = YES;
				GCC_OPTIMIZATION_LEVEL = 0;
				GCC_PREPROCESSOR_DEFINITIONS = (
					"DEBUG=1",
					"$(inherited)",
				);
				GCC_WARN_64_TO_32_BIT_CONVERSION = YES;
				GCC_WARN_ABOUT_RETURN_TYPE = YES_ERROR;
				GCC_WARN_UNDECLARED_SELECTOR = YES;
				GCC_WARN_UNINITIALIZED_AUTOS = YES_AGGRESSIVE;
				GCC_WARN_UNUSED_FUNCTION = YES;
				GCC_WARN_UNUSED_VARIABLE = YES;
				IPHONEOS_DEPLOYMENT_TARGET = 12.0;
				MTL_ENABLE_DEBUG_INFO = INCLUDE_SOURCE;
				MTL_FAST_MATH = YES;
				ONLY_ACTIVE_ARCH = YES;
				SDKROOT = iphoneos;
				SWIFT_ACTIVE_COMPILATION_CONDITIONS = DEBUG;
				SWIFT_OPTIMIZATION_LEVEL = "-Onone";
			};
			name = Debug;
		};
		3C23D1D7212397360083CB06 /* Release */ = {
			isa = XCBuildConfiguration;
			buildSettings = {
				ALWAYS_SEARCH_USER_PATHS = NO;
				CLANG_ANALYZER_NONNULL = YES;
				CLANG_ANALYZER_NUMBER_OBJECT_CONVERSION = YES_AGGRESSIVE;
				CLANG_CXX_LANGUAGE_STANDARD = "gnu++14";
				CLANG_CXX_LIBRARY = "libc++";
				CLANG_ENABLE_MODULES = YES;
				CLANG_ENABLE_OBJC_ARC = YES;
				CLANG_ENABLE_OBJC_WEAK = YES;
				CLANG_WARN_BLOCK_CAPTURE_AUTORELEASING = YES;
				CLANG_WARN_BOOL_CONVERSION = YES;
				CLANG_WARN_COMMA = YES;
				CLANG_WARN_CONSTANT_CONVERSION = YES;
				CLANG_WARN_DEPRECATED_OBJC_IMPLEMENTATIONS = YES;
				CLANG_WARN_DIRECT_OBJC_ISA_USAGE = YES_ERROR;
				CLANG_WARN_DOCUMENTATION_COMMENTS = YES;
				CLANG_WARN_EMPTY_BODY = YES;
				CLANG_WARN_ENUM_CONVERSION = YES;
				CLANG_WARN_INFINITE_RECURSION = YES;
				CLANG_WARN_INT_CONVERSION = YES;
				CLANG_WARN_NON_LITERAL_NULL_CONVERSION = YES;
				CLANG_WARN_OBJC_IMPLICIT_RETAIN_SELF = YES;
				CLANG_WARN_OBJC_LITERAL_CONVERSION = YES;
				CLANG_WARN_OBJC_ROOT_CLASS = YES_ERROR;
				CLANG_WARN_RANGE_LOOP_ANALYSIS = YES;
				CLANG_WARN_STRICT_PROTOTYPES = YES;
				CLANG_WARN_SUSPICIOUS_MOVE = YES;
				CLANG_WARN_UNGUARDED_AVAILABILITY = YES_AGGRESSIVE;
				CLANG_WARN_UNREACHABLE_CODE = YES;
				CLANG_WARN__DUPLICATE_METHOD_MATCH = YES;
				CODE_SIGN_IDENTITY = "iPhone Developer";
				COPY_PHASE_STRIP = NO;
				DEBUG_INFORMATION_FORMAT = "dwarf-with-dsym";
				ENABLE_NS_ASSERTIONS = NO;
				ENABLE_STRICT_OBJC_MSGSEND = YES;
				GCC_C_LANGUAGE_STANDARD = gnu11;
				GCC_NO_COMMON_BLOCKS = YES;
				GCC_WARN_64_TO_32_BIT_CONVERSION = YES;
				GCC_WARN_ABOUT_RETURN_TYPE = YES_ERROR;
				GCC_WARN_UNDECLARED_SELECTOR = YES;
				GCC_WARN_UNINITIALIZED_AUTOS = YES_AGGRESSIVE;
				GCC_WARN_UNUSED_FUNCTION = YES;
				GCC_WARN_UNUSED_VARIABLE = YES;
				IPHONEOS_DEPLOYMENT_TARGET = 12.0;
				MTL_ENABLE_DEBUG_INFO = NO;
				MTL_FAST_MATH = YES;
				SDKROOT = iphoneos;
				SWIFT_COMPILATION_MODE = wholemodule;
				SWIFT_OPTIMIZATION_LEVEL = "-O";
				VALIDATE_PRODUCT = YES;
			};
			name = Release;
		};
		3C23D1D9212397360083CB06 /* Debug */ = {
			isa = XCBuildConfiguration;
			buildSettings = {
				ASSETCATALOG_COMPILER_APPICON_NAME = AppIcon;
				CODE_SIGN_STYLE = Automatic;
				INFOPLIST_FILE = MemeMe/Info.plist;
				LD_RUNPATH_SEARCH_PATHS = (
					"$(inherited)",
					"@executable_path/Frameworks",
				);
				PRODUCT_BUNDLE_IDENTIFIER = in.ceeq.MemeMe;
				PRODUCT_NAME = "$(TARGET_NAME)";
				SWIFT_VERSION = 4.2;
				TARGETED_DEVICE_FAMILY = "1,2";
			};
			name = Debug;
		};
		3C23D1DA212397360083CB06 /* Release */ = {
			isa = XCBuildConfiguration;
			buildSettings = {
				ASSETCATALOG_COMPILER_APPICON_NAME = AppIcon;
				CODE_SIGN_STYLE = Automatic;
				INFOPLIST_FILE = MemeMe/Info.plist;
				LD_RUNPATH_SEARCH_PATHS = (
					"$(inherited)",
					"@executable_path/Frameworks",
				);
				PRODUCT_BUNDLE_IDENTIFIER = in.ceeq.MemeMe;
				PRODUCT_NAME = "$(TARGET_NAME)";
				SWIFT_VERSION = 4.2;
				TARGETED_DEVICE_FAMILY = "1,2";
			};
			name = Release;
		};
/* End XCBuildConfiguration section */

/* Begin XCConfigurationList section */
		3C23D1C1212397350083CB06 /* Build configuration list for PBXProject "MemeMe" */ = {
			isa = XCConfigurationList;
			buildConfigurations = (
				3C23D1D6212397360083CB06 /* Debug */,
				3C23D1D7212397360083CB06 /* Release */,
			);
			defaultConfigurationIsVisible = 0;
			defaultConfigurationName = Release;
		};
		3C23D1D8212397360083CB06 /* Build configuration list for PBXNativeTarget "MemeMe" */ = {
			isa = XCConfigurationList;
			buildConfigurations = (
				3C23D1D9212397360083CB06 /* Debug */,
				3C23D1DA212397360083CB06 /* Release */,
			);
			defaultConfigurationIsVisible = 0;
			defaultConfigurationName = Release;
		};
/* End XCConfigurationList section */
	};
	rootObject = 3C23D1BE212397350083CB06 /* Project object */;
}
